
Microsoft Visual Studio Solution File, Format Version 12.00
# Visual Studio 2012
Project("{8BC9CEB8-8B4A-11D0-8D11-00A0C91BC942}") = "clocks", "clocks\clocks.vcxproj", "{BA71FA25-2733-4559-85E6-E1C7AF870AE6}"
EndProject
Global
	GlobalSection(SolutionConfigurationPlatforms) = preSolution
		Debug|Win32 = Debug|Win32
		Release|Win32 = Release|Win32
	EndGlobalSection
	GlobalSection(ProjectConfigurationPlatforms) = postSolution
		{BA71FA25-2733-4559-85E6-E1C7AF870AE6}.Debug|Win32.ActiveCfg = Debug|Win32
		{BA71FA25-2733-4559-85E6-E1C7AF870AE6}.Debug|Win32.Build.0 = Debug|Win32
		{BA71FA25-2733-4559-85E6-E1C7AF870AE6}.Release|Win32.ActiveCfg = Release|Win32
		{BA71FA25-2733-4559-85E6-E1C7AF870AE6}.Release|Win32.Build.0 = Release|Win32
	EndGlobalSection
	GlobalSection(SolutionProperties) = preSolution
		HideSolutionNode = FALSE
	EndGlobalSection
EndGlobal
